
Microsoft Visual Studio Solution File, Format Version 12.00
# Visual Studio Version 16
VisualStudioVersion = 16.0.30804.86
MinimumVisualStudioVersion = 15.0.26124.0
Project("{FAE04EC0-301F-11D3-BF4B-00C04F79EFBC}") = "Eliboo.Api", "Eliboo.Api\Eliboo.Api.csproj", "{2DF4C629-6772-4C89-B161-CD1697FA5006}"
EndProject
Project("{FAE04EC0-301F-11D3-BF4B-00C04F79EFBC}") = "Eliboo.Data", "Eliboo.Data\Eliboo.Data.csproj", "{535A5090-F7BD-4AA1-80A5-8264F4CB11AF}"
EndProject
Global
	GlobalSection(SolutionConfigurationPlatforms) = preSolution
		Debug|Any CPU = Debug|Any CPU
		Debug|x64 = Debug|x64
		Debug|x86 = Debug|x86
		Release|Any CPU = Release|Any CPU
		Release|x64 = Release|x64
		Release|x86 = Release|x86
	EndGlobalSection
	GlobalSection(ProjectConfigurationPlatforms) = postSolution
		{2DF4C629-6772-4C89-B161-CD1697FA5006}.Debug|Any CPU.ActiveCfg = Debug|Any CPU
		{2DF4C629-6772-4C89-B161-CD1697FA5006}.Debug|Any CPU.Build.0 = Debug|Any CPU
		{2DF4C629-6772-4C89-B161-CD1697FA5006}.Debug|x64.ActiveCfg = Debug|Any CPU
		{2DF4C629-6772-4C89-B161-CD1697FA5006}.Debug|x64.Build.0 = Debug|Any CPU
		{2DF4C629-6772-4C89-B161-CD1697FA5006}.Debug|x86.ActiveCfg = Debug|Any CPU
		{2DF4C629-6772-4C89-B161-CD1697FA5006}.Debug|x86.Build.0 = Debug|Any CPU
		{2DF4C629-6772-4C89-B161-CD1697FA5006}.Release|Any CPU.ActiveCfg = Release|Any CPU
		{2DF4C629-6772-4C89-B161-CD1697FA5006}.Release|Any CPU.Build.0 = Release|Any CPU
		{2DF4C629-6772-4C89-B161-CD1697FA5006}.Release|x64.ActiveCfg = Release|Any CPU
		{2DF4C629-6772-4C89-B161-CD1697FA5006}.Release|x64.Build.0 = Release|Any CPU
		{2DF4C629-6772-4C89-B161-CD1697FA5006}.Release|x86.ActiveCfg = Release|Any CPU
		{2DF4C629-6772-4C89-B161-CD1697FA5006}.Release|x86.Build.0 = Release|Any CPU
		{535A5090-F7BD-4AA1-80A5-8264F4CB11AF}.Debug|Any CPU.ActiveCfg = Debug|Any CPU
		{535A5090-F7BD-4AA1-80A5-8264F4CB11AF}.Debug|Any CPU.Build.0 = Debug|Any CPU
		{535A5090-F7BD-4AA1-80A5-8264F4CB11AF}.Debug|x64.ActiveCfg = Debug|Any CPU
		{535A5090-F7BD-4AA1-80A5-8264F4CB11AF}.Debug|x64.Build.0 = Debug|Any CPU
		{535A5090-F7BD-4AA1-80A5-8264F4CB11AF}.Debug|x86.ActiveCfg = Debug|Any CPU
		{535A5090-F7BD-4AA1-80A5-8264F4CB11AF}.Debug|x86.Build.0 = Debug|Any CPU
		{535A5090-F7BD-4AA1-80A5-8264F4CB11AF}.Release|Any CPU.ActiveCfg = Release|Any CPU
		{535A5090-F7BD-4AA1-80A5-8264F4CB11AF}.Release|Any CPU.Build.0 = Release|Any CPU
		{535A5090-F7BD-4AA1-80A5-8264F4CB11AF}.Release|x64.ActiveCfg = Release|Any CPU
		{535A5090-F7BD-4AA1-80A5-8264F4CB11AF}.Release|x64.Build.0 = Release|Any CPU
		{535A5090-F7BD-4AA1-80A5-8264F4CB11AF}.Release|x86.ActiveCfg = Release|Any CPU
		{535A5090-F7BD-4AA1-80A5-8264F4CB11AF}.Release|x86.Build.0 = Release|Any CPU
	EndGlobalSection
	GlobalSection(SolutionProperties) = preSolution
		HideSolutionNode = FALSE
	EndGlobalSection
	GlobalSection(ExtensibilityGlobals) = postSolution
		SolutionGuid = {42E7615F-9EA2-4E63-ABBB-30C7F1D097E1}
	EndGlobalSection
EndGlobal
